<?xml version="1.0" encoding="utf-8"?>
<Project ToolsVersion="4.0" xmlns="http://schemas.microsoft.com/developer/msbuild/2003">
  <ItemGroup>
    <Filter Include="Source Files">
      <UniqueIdentifier>{4FC737F1-C7A5-4376-A066-2A32D752A2FF}</UniqueIdentifier>
      <Extensions>cpp;c;cc;cxx;def;odl;idl;hpj;bat;asm;asmx</Extensions>
    </Filter>
    <Filter Include="Header Files">
      <UniqueIdentifier>{93995380-89BD-4b04-88EB-625FBE52EBFB}</UniqueIdentifier>
      <Extensions>h;hh;hpp;hxx;hm;inl;inc;xsd</Extensions>
    </Filter>
    <Filter Include="Resource Files">
      <UniqueIdentifier>{67DA6AB6-F800-4c08-8B7A-83BB121AAD01}</UniqueIdentifier>
      <Extensions>rc;ico;cur;bmp;dlg;rc2;rct;bin;rgs;gif;jpg;jpeg;jpe;resx;tiff;tif;png;wav;mfcribbon-ms</Extensions>
    </Filter>
    <Filter Include="Header Files\csv">
      <UniqueIdentifier>{f75d4a47-0fba-44b9-a962-1f9d4f45736c}</UniqueIdentifier>
    </Filter>
    <Filter Include="Header Files\navmanager">
      <UniqueIdentifier>{67220a0a-fcf9-4158-a3b6-2df7a7b5fa5a}</UniqueIdentifier>
    </Filter>
    <Filter Include="Header Files\navsys">
      <UniqueIdentifier>{003f8f44-9e2c-4685-a98e-fd9428fb64cd}</UniqueIdentifier>
    </Filter>
    <Filter Include="Header Files\NMEA">
      <UniqueIdentifier>{d337b2ea-c3e3-4640-93a8-b23c278deff3}</UniqueIdentifier>
    </Filter>
    <Filter Include="Source Files\csv">
      <UniqueIdentifier>{8b3cf99a-73e9-4356-b593-f61b84343404}</UniqueIdentifier>
    </Filter>
    <Filter Include="Source Files\navmanager">
      <UniqueIdentifier>{899c118d-7322-45f4-913d-cff8e2b0aa52}</UniqueIdentifier>
    </Filter>
    <Filter Include="Source Files\navsys">
      <UniqueIdentifier>{f3970744-8a8c-4cbe-9c67-fa8ee4ee3105}</UniqueIdentifier>
    </Filter>
    <Filter Include="Source Files\NMEA">
      <UniqueIdentifier>{073dee7a-4a58-44e8-8942-1a673cb17094}</UniqueIdentifier>
    </Filter>
    <Filter Include="Header Files\navsystest">
      <UniqueIdentifier>{58030fd0-3dfe-46e8-99c1-e081c9a9a44c}</UniqueIdentifier>
    </Filter>
  </ItemGroup>
  <ItemGroup>
    <Text Include="ReadMe.txt" />
  </ItemGroup>
  <ItemGroup>
    <ClInclude Include="stdafx.h">
      <Filter>Header Files</Filter>
    </ClInclude>
    <ClInclude Include="targetver.h">
      <Filter>Header Files</Filter>
    </ClInclude>
    <ClInclude Include="..\..\source\csv\csv.h">
      <Filter>Header Files\csv</Filter>
    </ClInclude>
    <ClInclude Include="..\..\source\navmanager\coordimport.h">
      <Filter>Header Files\navmanager</Filter>
    </ClInclude>
    <ClInclude Include="..\..\source\navmanager\gpsemulator.h">
      <Filter>Header Files\navmanager</Filter>
    </ClInclude>
    <ClInclude Include="..\..\source\navsys\gpsinterface.h">
      <Filter>Header Files\navsys</Filter>
    </ClInclude>
    <ClInclude Include="..\..\source\navsys\navfunctions.h">
      <Filter>Header Files\navsys</Filter>
    </ClInclude>
    <ClInclude Include="..\..\source\navsys\navmath.h">
      <Filter>Header Files\navsys</Filter>
    </ClInclude>
    <ClInclude Include="..\..\source\navsys\navsys.h">
      <Filter>Header Files\navsys</Filter>
    </ClInclude>
    <ClInclude Include="..\..\source\navsys\navtypes.h">
      <Filter>Header Files\navsys</Filter>
    </ClInclude>
    <ClInclude Include="..\..\source\navsys\nmeafunctions.h">
      <Filter>Header Files\navsys</Filter>
    </ClInclude>
    <ClInclude Include="..\..\source\navsys\serialcom.h">
      <Filter>Header Files\navsys</Filter>
    </ClInclude>
    <ClInclude Include="..\..\source\nmea\config.h">
      <Filter>Header Files\NMEA</Filter>
    </ClInclude>
    <ClInclude Include="..\..\source\nmea\context.h">
      <Filter>Header Files\NMEA</Filter>
    </ClInclude>
    <ClInclude Include="..\..\source\nmea\generate.h">
      <Filter>Header Files\NMEA</Filter>
    </ClInclude>
    <ClInclude Include="..\..\source\nmea\generator.h">
      <Filter>Header Files\NMEA</Filter>
    </ClInclude>
    <ClInclude Include="..\..\source\nmea\gmath.h">
      <Filter>Header Files\NMEA</Filter>
    </ClInclude>
    <ClInclude Include="..\..\source\nmea\info.h">
      <Filter>Header Files\NMEA</Filter>
    </ClInclude>
    <ClInclude Include="..\..\source\nmea\nmea.h">
      <Filter>Header Files\NMEA</Filter>
    </ClInclude>
    <ClInclude Include="..\..\source\nmea\nmeatime.h">
      <Filter>Header Files\NMEA</Filter>
    </ClInclude>
    <ClInclude Include="..\..\source\nmea\parse.h">
      <Filter>Header Files\NMEA</Filter>
    </ClInclude>
    <ClInclude Include="..\..\source\nmea\parser.h">
      <Filter>Header Files\NMEA</Filter>
    </ClInclude>
    <ClInclude Include="..\..\source\nmea\sentence.h">
      <Filter>Header Files\NMEA</Filter>
    </ClInclude>
    <ClInclude Include="..\..\source\nmea\tok.h">
      <Filter>Header Files\NMEA</Filter>
    </ClInclude>
    <ClInclude Include="..\..\source\nmea\units.h">
      <Filter>Header Files\NMEA</Filter>
    </ClInclude>
    <ClInclude Include="..\..\source\navsys\wphandler.h">
      <Filter>Header Files\navsys</Filter>
    </ClInclude>
    <ClInclude Include="..\..\source\navsys\navfiles.h">
      <Filter>Header Files\navsys</Filter>
    </ClInclude>
    <ClInclude Include="..\..\source\navsystest\datagenerator.h">
      <Filter>Header Files\navsystest</Filter>
    </ClInclude>
    <ClInclude Include="..\..\source\navsystest\navfilestests.h">
      <Filter>Header Files\navsystest</Filter>
    </ClInclude>
    <ClInclude Include="..\..\source\navsystest\testhelper.h">
      <Filter>Header Files\navsystest</Filter>
    </ClInclude>
    <ClInclude Include="..\..\source\navsystest\wphandlertests.h">
      <Filter>Header Files\navsystest</Filter>
    </ClInclude>
    <ClInclude Include="..\..\source\navsys\navconfig.h">
      <Filter>Header Files\navsys</Filter>
    </ClInclude>
  </ItemGroup>
  <ItemGroup>
    <ClCompile Include="stdafx.cpp">
      <Filter>Source Files</Filter>
    </ClCompile>
    <ClCompile Include="WaypointCreator.cpp">
      <Filter>Source Files</Filter>
    </ClCompile>
    <ClCompile Include="..\..\source\navmanager\gpsemulator.cpp">
      <Filter>Source Files\navmanager</Filter>
    </ClCompile>
    <ClCompile Include="..\..\source\navsys\gpsinterface.c">
      <Filter>Source Files\navsys</Filter>
    </ClCompile>
    <ClCompile Include="..\..\source\navsys\navfunctions.c">
      <Filter>Source Files\navsys</Filter>
    </ClCompile>
    <ClCompile Include="..\..\source\navsys\navmath.c">
      <Filter>Source Files\navsys</Filter>
    </ClCompile>
    <ClCompile Include="..\..\source\navsys\nmeafunctions.c">
      <Filter>Source Files\navsys</Filter>
    </ClCompile>
    <ClCompile Include="..\..\source\navsys\serialcom.c">
      <Filter>Source Files\navsys</Filter>
    </ClCompile>
    <ClCompile Include="..\..\source\nmea\context.c">
      <Filter>Source Files\NMEA</Filter>
    </ClCompile>
    <ClCompile Include="..\..\source\nmea\generate.c">
      <Filter>Source Files\NMEA</Filter>
    </ClCompile>
    <ClCompile Include="..\..\source\nmea\generator.c">
      <Filter>Source Files\NMEA</Filter>
    </ClCompile>
    <ClCompile Include="..\..\source\nmea\gmath.c">
      <Filter>Source Files\NMEA</Filter>
    </ClCompile>
    <ClCompile Include="..\..\source\nmea\info.c">
      <Filter>Source Files\NMEA</Filter>
    </ClCompile>
    <ClCompile Include="..\..\source\nmea\parse.c">
      <Filter>Source Files\NMEA</Filter>
    </ClCompile>
    <ClCompile Include="..\..\source\nmea\parser.c">
      <Filter>Source Files\NMEA</Filter>
    </ClCompile>
    <ClCompile Include="..\..\source\nmea\sentence.c">
      <Filter>Source Files\NMEA</Filter>
    </ClCompile>
    <ClCompile Include="..\..\source\nmea\nmeatime.c">
      <Filter>Source Files\NMEA</Filter>
    </ClCompile>
    <ClCompile Include="..\..\source\nmea\tok.c">
      <Filter>Source Files\NMEA</Filter>
    </ClCompile>
    <ClCompile Include="..\..\source\navsys\wphandler.c">
      <Filter>Source Files\navsys</Filter>
    </ClCompile>
    <ClCompile Include="..\..\source\navsys\navfiles.c">
      <Filter>Source Files\navsys</Filter>
    </ClCompile>
  </ItemGroup>
</Project>