<?xml version="1.0" encoding="utf-8"?>
<Project ToolsVersion="4.0" xmlns="http://schemas.microsoft.com/developer/msbuild/2003">
  <ItemGroup>
    <Filter Include="Source Files">
      <UniqueIdentifier>{4FC737F1-C7A5-4376-A066-2A32D752A2FF}</UniqueIdentifier>
      <Extensions>cpp;c;cc;cxx;def;odl;idl;hpj;bat;asm;asmx</Extensions>
    </Filter>
    <Filter Include="Header Files">
      <UniqueIdentifier>{93995380-89BD-4b04-88EB-625FBE52EBFB}</UniqueIdentifier>
      <Extensions>h;hh;hpp;hxx;hm;inl;inc;xsd</Extensions>
    </Filter>
    <Filter Include="Resource Files">
      <UniqueIdentifier>{67DA6AB6-F800-4c08-8B7A-83BB121AAD01}</UniqueIdentifier>
      <Extensions>rc;ico;cur;bmp;dlg;rc2;rct;bin;rgs;gif;jpg;jpeg;jpe;resx;tiff;tif;png;wav;mfcribbon-ms</Extensions>
    </Filter>
    <Filter Include="Header Files\nmea">
      <UniqueIdentifier>{c041f616-872a-4738-8829-6ceedf89f835}</UniqueIdentifier>
    </Filter>
    <Filter Include="Source Files\nmea">
      <UniqueIdentifier>{faabef72-9dd1-4027-aa2a-97ef0129adbb}</UniqueIdentifier>
    </Filter>
  </ItemGroup>
  <ItemGroup>
    <Text Include="ReadMe.txt" />
  </ItemGroup>
  <ItemGroup>
    <ClInclude Include="stdafx.h">
      <Filter>Header Files</Filter>
    </ClInclude>
    <ClInclude Include="targetver.h">
      <Filter>Header Files</Filter>
    </ClInclude>
    <ClInclude Include="..\WaypointSystem\serialcom.h">
      <Filter>Header Files</Filter>
    </ClInclude>
    <ClInclude Include="..\WaypointSystem\nmeafunctions.h">
      <Filter>Header Files</Filter>
    </ClInclude>
    <ClInclude Include="..\WaypointSystem\navtypes.h">
      <Filter>Header Files</Filter>
    </ClInclude>
    <ClInclude Include="..\WaypointSystem\navsys.h">
      <Filter>Header Files</Filter>
    </ClInclude>
    <ClInclude Include="..\WaypointSystem\navmath.h">
      <Filter>Header Files</Filter>
    </ClInclude>
    <ClInclude Include="..\WaypointSystem\navfunctions.h">
      <Filter>Header Files</Filter>
    </ClInclude>
    <ClInclude Include="..\WaypointSystem\gpsinterface.h">
      <Filter>Header Files</Filter>
    </ClInclude>
    <ClInclude Include="..\WaypointSystem\gpsemulator.h">
      <Filter>Header Files</Filter>
    </ClInclude>
    <ClInclude Include="..\WaypointSystem\csv.h">
      <Filter>Header Files</Filter>
    </ClInclude>
    <ClInclude Include="..\WaypointSystem\coordimport.h">
      <Filter>Header Files</Filter>
    </ClInclude>
    <ClInclude Include="..\WaypointSystem\config.h">
      <Filter>Header Files</Filter>
    </ClInclude>
    <ClInclude Include="..\WaypointSystem\nmea\units.h">
      <Filter>Header Files\nmea</Filter>
    </ClInclude>
    <ClInclude Include="..\WaypointSystem\nmea\tok.h">
      <Filter>Header Files\nmea</Filter>
    </ClInclude>
    <ClInclude Include="..\WaypointSystem\nmea\time.h">
      <Filter>Header Files\nmea</Filter>
    </ClInclude>
    <ClInclude Include="..\WaypointSystem\nmea\sentence.h">
      <Filter>Header Files\nmea</Filter>
    </ClInclude>
    <ClInclude Include="..\WaypointSystem\nmea\parser.h">
      <Filter>Header Files\nmea</Filter>
    </ClInclude>
    <ClInclude Include="..\WaypointSystem\nmea\parse.h">
      <Filter>Header Files\nmea</Filter>
    </ClInclude>
    <ClInclude Include="..\WaypointSystem\nmea\nmea.h">
      <Filter>Header Files\nmea</Filter>
    </ClInclude>
    <ClInclude Include="..\WaypointSystem\nmea\info.h">
      <Filter>Header Files\nmea</Filter>
    </ClInclude>
    <ClInclude Include="..\WaypointSystem\nmea\gmath.h">
      <Filter>Header Files\nmea</Filter>
    </ClInclude>
    <ClInclude Include="..\WaypointSystem\nmea\generator.h">
      <Filter>Header Files\nmea</Filter>
    </ClInclude>
    <ClInclude Include="..\WaypointSystem\nmea\generate.h">
      <Filter>Header Files\nmea</Filter>
    </ClInclude>
    <ClInclude Include="..\WaypointSystem\nmea\context.h">
      <Filter>Header Files\nmea</Filter>
    </ClInclude>
    <ClInclude Include="..\WaypointSystem\nmea\config.h">
      <Filter>Header Files\nmea</Filter>
    </ClInclude>
  </ItemGroup>
  <ItemGroup>
    <ClCompile Include="stdafx.cpp">
      <Filter>Source Files</Filter>
    </ClCompile>
    <ClCompile Include="NavTester.cpp">
      <Filter>Source Files</Filter>
    </ClCompile>
    <ClCompile Include="..\WaypointSystem\gpsinterface.c">
      <Filter>Source Files</Filter>
    </ClCompile>
    <ClCompile Include="..\WaypointSystem\navfunctions.c">
      <Filter>Source Files</Filter>
    </ClCompile>
    <ClCompile Include="..\WaypointSystem\navmath.c">
      <Filter>Source Files</Filter>
    </ClCompile>
    <ClCompile Include="..\WaypointSystem\nmeafunctions.c">
      <Filter>Source Files</Filter>
    </ClCompile>
    <ClCompile Include="..\WaypointSystem\serialcom.c">
      <Filter>Source Files</Filter>
    </ClCompile>
    <ClCompile Include="..\WaypointSystem\nmea\context.c">
      <Filter>Source Files\nmea</Filter>
    </ClCompile>
    <ClCompile Include="..\WaypointSystem\nmea\generate.c">
      <Filter>Source Files\nmea</Filter>
    </ClCompile>
    <ClCompile Include="..\WaypointSystem\nmea\generator.c">
      <Filter>Source Files\nmea</Filter>
    </ClCompile>
    <ClCompile Include="..\WaypointSystem\nmea\gmath.c">
      <Filter>Source Files\nmea</Filter>
    </ClCompile>
    <ClCompile Include="..\WaypointSystem\nmea\info.c">
      <Filter>Source Files\nmea</Filter>
    </ClCompile>
    <ClCompile Include="..\WaypointSystem\nmea\parse.c">
      <Filter>Source Files\nmea</Filter>
    </ClCompile>
    <ClCompile Include="..\WaypointSystem\nmea\parser.c">
      <Filter>Source Files\nmea</Filter>
    </ClCompile>
    <ClCompile Include="..\WaypointSystem\nmea\sentence.c">
      <Filter>Source Files\nmea</Filter>
    </ClCompile>
    <ClCompile Include="..\WaypointSystem\nmea\time.c">
      <Filter>Source Files\nmea</Filter>
    </ClCompile>
    <ClCompile Include="..\WaypointSystem\nmea\tok.c">
      <Filter>Source Files\nmea</Filter>
    </ClCompile>
    <ClCompile Include="..\WaypointSystem\gpsemulator.cpp">
      <Filter>Source Files</Filter>
    </ClCompile>
  </ItemGroup>
</Project>